// !$*UTF8*$!
{
	archiveVersion = 1;
	classes = {
	};
	objectVersion = 77;
	objects = {

/* Begin PBXBuildFile section */
		01D1A4D6E4074CCDAA2867CB /* JSONCoding.swift in Sources */ = {isa = PBXBuildFile; fileRef = A3B9EF89083F0D41DD23D65B /* JSONCoding.swift */; };
		03B00420547CED1B5366C717 /* FeedFilter.swift in Sources */ = {isa = PBXBuildFile; fileRef = B1B1D2AD8004FF55083FF575 /* FeedFilter.swift */; };
		06BAD9EF86971CD8DAD6F391 /* SecureStorage.swift in Sources */ = {isa = PBXBuildFile; fileRef = 1F22483FEFF92FA8E93D7239 /* SecureStorage.swift */; };
		0C4A67209ABA5887B2A592F3 /* NotificationRepository.swift in Sources */ = {isa = PBXBuildFile; fileRef = 8B9E98186BB4B9BBA43A9DCE /* NotificationRepository.swift */; };
		11108370DCB9751ADE7DE560 /* BecomeCitizenView.swift in Sources */ = {isa = PBXBuildFile; fileRef = D6B2205D033217B02C8AD980 /* BecomeCitizenView.swift */; };
		141E402E4F9BE2CF80134D73 /* NotificationsView.swift in Sources */ = {isa = PBXBuildFile; fileRef = CA87288DB81237B27A6B8CE7 /* NotificationsView.swift */; };
		14C74915426017A322C35A79 /* Notification.swift in Sources */ = {isa = PBXBuildFile; fileRef = F44497862A26B70C3A5B5F07 /* Notification.swift */; };
		15F8D6F46B2E4732294DE3AD /* CustomTabBar.swift in Sources */ = {isa = PBXBuildFile; fileRef = 73D0FDAA1CAEB9DEF1A804AC /* CustomTabBar.swift */; };
		222A924843594DFB0B24D039 /* IssueDetailView.swift in Sources */ = {isa = PBXBuildFile; fileRef = D866EA635CC4B4FC75D2F3BE /* IssueDetailView.swift */; };
		26CF15A78A22FF21D103D1F5 /* SearchViewModel.swift in Sources */ = {isa = PBXBuildFile; fileRef = FA5BE17F07D2932BFA51D206 /* SearchViewModel.swift */; };
		29677439ABA219102A1D5BE1 /* BecomeCitizenViewModel.swift in Sources */ = {isa = PBXBuildFile; fileRef = 44A03D5E43A6D261367D1B49 /* BecomeCitizenViewModel.swift */; };
		2CB4DAD1A15B691CD74824E2 /* IssueCategory+Style.swift in Sources */ = {isa = PBXBuildFile; fileRef = AE431CBE19254B78514C7543 /* IssueCategory+Style.swift */; };
		33E38BBDFEF8334E7E55C51D /* AuthViewModel.swift in Sources */ = {isa = PBXBuildFile; fileRef = BFB98991B0534073D49A1F37 /* AuthViewModel.swift */; };
		346404A1DDAA800DC12E90A2 /* MockData.swift in Sources */ = {isa = PBXBuildFile; fileRef = DD0B93AB49A3947DE2457762 /* MockData.swift */; };
		3719E0CBDA776498D3884AE5 /* AuthView.swift in Sources */ = {isa = PBXBuildFile; fileRef = 7636E7187F80A6372F59848C /* AuthView.swift */; };
		3BE24CDF3A3339B35574E26D /* FilterChip.swift in Sources */ = {isa = PBXBuildFile; fileRef = B77F258262A372624F2C8339 /* FilterChip.swift */; };
		41A1B1B828F73C490F044C36 /* IssueFeedCard.swift in Sources */ = {isa = PBXBuildFile; fileRef = 5EFC79ADDB02FA447B576F70 /* IssueFeedCard.swift */; };
		4327F5926A093F60230005A0 /* LokaTextField.swift in Sources */ = {isa = PBXBuildFile; fileRef = 76884D88AF902BC91F2C173B /* LokaTextField.swift */; };
		4ACAFF6CDF98F6CF0088CAF8 /* ProfileView.swift in Sources */ = {isa = PBXBuildFile; fileRef = EF91776031A7DF4DCB66892D /* ProfileView.swift */; };
		4CE17B25C9B296972E7B0C08 /* ServiceLocator.swift in Sources */ = {isa = PBXBuildFile; fileRef = 62B511B2D997016956594DB0 /* ServiceLocator.swift */; };
		4F739BC5E5A4AA23D250DB20 /* CitizenRepository.swift in Sources */ = {isa = PBXBuildFile; fileRef = F0B25A4F23B1B03859CB6A72 /* CitizenRepository.swift */; };
		51B5E74107B4316B856B28AD /* Citizen.swift in Sources */ = {isa = PBXBuildFile; fileRef = 50D06A71C99F09A5ABA710AE /* Citizen.swift */; };
		548F389167322249DC50913D /* APIError.swift in Sources */ = {isa = PBXBuildFile; fileRef = 734FC6BD388B1C2B8B68F814 /* APIError.swift */; };
		567BBF5C72F7EEC9CB57385F /* LokaCard.swift in Sources */ = {isa = PBXBuildFile; fileRef = 1AA756A45B5EA0EF8E699571 /* LokaCard.swift */; };
		5805036449E6B1FE6E03639C /* APIClient.swift in Sources */ = {isa = PBXBuildFile; fileRef = 4621AD3E5146F5BBD0D996AB /* APIClient.swift */; };
		5DE3F00F63D2860AF6403545 /* APIEnvironment.swift in Sources */ = {isa = PBXBuildFile; fileRef = BA4E0EF3D71D3784204212BC /* APIEnvironment.swift */; };
		5F59FA092F9E9AB142713A0A /* ParticipationRepository.swift in Sources */ = {isa = PBXBuildFile; fileRef = E1B803277F4D10A9DE51CD89 /* ParticipationRepository.swift */; };
		5F6346501740196DC78A8B97 /* RootView.swift in Sources */ = {isa = PBXBuildFile; fileRef = 3B438CAA8FA6765C940F2A37 /* RootView.swift */; };
		63B39B76C8CAB43C02C7F650 /* IssueCompactRow.swift in Sources */ = {isa = PBXBuildFile; fileRef = 41E5797C0565A4AC8EB57C18 /* IssueCompactRow.swift */; };
		64BF543E7691E5A49399BE46 /* SearchView.swift in Sources */ = {isa = PBXBuildFile; fileRef = 87328D6D4B4B97E1F63701FA /* SearchView.swift */; };
		6618A3A840FDEB3B255C6535 /* Preview Assets.xcassets in Resources */ = {isa = PBXBuildFile; fileRef = 569ED6A8081418C00F665F27 /* Preview Assets.xcassets */; };
		67A7E4FCD4DCF0706D86C666 /* UploadManager.swift in Sources */ = {isa = PBXBuildFile; fileRef = 4B7A2DDD98E44D895F86CBBB /* UploadManager.swift */; };
		69AE16C946F115C32F8CED9C /* DTOs.swift in Sources */ = {isa = PBXBuildFile; fileRef = 93E6A0E9549CF68F6EAA959B /* DTOs.swift */; };
		6AB1C408345ECA8295CF6DD9 /* District.swift in Sources */ = {isa = PBXBuildFile; fileRef = 2841D26E4CE544171C48F0C3 /* District.swift */; };
		6D682DDA569AE3A08F9B7C76 /* AppSessionManager.swift in Sources */ = {isa = PBXBuildFile; fileRef = 59D13BECDB1BBA6824372DC1 /* AppSessionManager.swift */; };
		6F947B9A8B01E2541A8D148F /* LokaAnimation.swift in Sources */ = {isa = PBXBuildFile; fileRef = F1E41B77321E43AE85689605 /* LokaAnimation.swift */; };
		70443B4F061D959D0D74ADE2 /* MainTabView.swift in Sources */ = {isa = PBXBuildFile; fileRef = 07E7107D2D166C73599ED19B /* MainTabView.swift */; };
		784499353DFFD0A5246FF7DF /* LokaApp.swift in Sources */ = {isa = PBXBuildFile; fileRef = D0EAC39AE2D09A05ABAD691D /* LokaApp.swift */; };
		79228834A120F8238F1BAEFB /* AuthService.swift in Sources */ = {isa = PBXBuildFile; fileRef = 40419CC9333B76D420C8BC1D /* AuthService.swift */; };
		7AFB0BF05D6F183BB0852325 /* SplashView.swift in Sources */ = {isa = PBXBuildFile; fileRef = 35FE68D58BA90C86EF70DAAC /* SplashView.swift */; };
		7B016022ABA6E3F68B03AA60 /* NotificationsViewModel.swift in Sources */ = {isa = PBXBuildFile; fileRef = A12EE26947A9589962C759F2 /* NotificationsViewModel.swift */; };
		84D9953E973C1B7F9B343272 /* FeedViewModel.swift in Sources */ = {isa = PBXBuildFile; fileRef = A18A78BDF77860D98709D001 /* FeedViewModel.swift */; };
		854CE22787A055F54BB9F34D /* Endpoints.swift in Sources */ = {isa = PBXBuildFile; fileRef = 9691722E4EBE19823011642B /* Endpoints.swift */; };
		861AE09A037684DEC7811897 /* AppRouter.swift in Sources */ = {isa = PBXBuildFile; fileRef = A447B09E7E3D6BC36097B279 /* AppRouter.swift */; };
		8737EB70C3AE7B4F70A03F86 /* FeedView.swift in Sources */ = {isa = PBXBuildFile; fileRef = D0BD325C457C832CFE4E9FE2 /* FeedView.swift */; };
		8905E77420F62D82FDF5902D /* EmptyStateView.swift in Sources */ = {isa = PBXBuildFile; fileRef = E2038DBD48D2734B18A6F69F /* EmptyStateView.swift */; };
		8D7E0D2C3DC47FE60E35C72E /* LokaButton.swift in Sources */ = {isa = PBXBuildFile; fileRef = 672C601265A641128C357723 /* LokaButton.swift */; };
		8EADDE324CFF025B82B9FCB4 /* Participation.swift in Sources */ = {isa = PBXBuildFile; fileRef = BE200E271BB43CE7E8D495D7 /* Participation.swift */; };
		91C3CB764D60CA2A5534A995 /* StatusPill.swift in Sources */ = {isa = PBXBuildFile; fileRef = F8B2B16B911092217D602C30 /* StatusPill.swift */; };
		96310E0D7307DD34712BC3EA /* AppConfig.swift in Sources */ = {isa = PBXBuildFile; fileRef = 44924DCA2812A26F1B349977 /* AppConfig.swift */; };
		A19985E4E5F40E0883F7D9D1 /* ParticipationBar.swift in Sources */ = {isa = PBXBuildFile; fileRef = E1D8EF7AE455D521CE03BD24 /* ParticipationBar.swift */; };
		A48CB551FAF9BB1BE1F28572 /* SkeletonView.swift in Sources */ = {isa = PBXBuildFile; fileRef = DBF0E9F8C7D4D17F84A49476 /* SkeletonView.swift */; };
		A6DA2A97E69A46725059ED15 /* CategoryTag.swift in Sources */ = {isa = PBXBuildFile; fileRef = F2705FC6B5B0CB87BB5CB922 /* CategoryTag.swift */; };
		AADA93B605049C55EAE88B65 /* Assets.xcassets in Resources */ = {isa = PBXBuildFile; fileRef = 8F0252725CA75C471FC9DE8E /* Assets.xcassets */; };
		AD847840458907A730979C38 /* VerificationService.swift in Sources */ = {isa = PBXBuildFile; fileRef = 5784C047D07AF804B7457AA8 /* VerificationService.swift */; };
		BE6DF648106FBA90D403E12E /* CreateIssueView.swift in Sources */ = {isa = PBXBuildFile; fileRef = CAF866A170A7F8FBE4002CCC /* CreateIssueView.swift */; };
		C33629DB2D48BDF8BAB7AAFF /* CommentRepository.swift in Sources */ = {isa = PBXBuildFile; fileRef = 78EFECF142685A604B26E59A /* CommentRepository.swift */; };
		C3A8001986CBE98A0EF40902 /* APIRequest.swift in Sources */ = {isa = PBXBuildFile; fileRef = CF2562CF2838DBAA70327116 /* APIRequest.swift */; };
		C5236EE3931C66366BB70055 /* LokaAvatar.swift in Sources */ = {isa = PBXBuildFile; fileRef = 6703B783F70EE1660DA2C3BB /* LokaAvatar.swift */; };
		C671D0608D51EA835FD0CB1D /* LokaColor.swift in Sources */ = {isa = PBXBuildFile; fileRef = 7BA0DD3B51BE35D656634904 /* LokaColor.swift */; };
		C6B5E6F09CA95F0276D761CC /* IssueDetailViewModel.swift in Sources */ = {isa = PBXBuildFile; fileRef = 93ACD6BE15D39593561F470F /* IssueDetailViewModel.swift */; };
		C7F585A1560D7CE4695769B2 /* Issue.swift in Sources */ = {isa = PBXBuildFile; fileRef = 42F3AEBE033CF9102263A447 /* Issue.swift */; };
		CB9C2A1072D3503DA577990A /* IssueService.swift in Sources */ = {isa = PBXBuildFile; fileRef = 48D7BE42AF56D8C06AF60B13 /* IssueService.swift */; };
		CDFDD7DAE3CBD9450DA7F816 /* PressableModifier.swift in Sources */ = {isa = PBXBuildFile; fileRef = 967C3F0D78F86D7BA99BDE64 /* PressableModifier.swift */; };
		D167CA1CFF9C5A6C1B8B3548 /* IssueRepository.swift in Sources */ = {isa = PBXBuildFile; fileRef = 50BD1DDB34CAF159294BA3BE /* IssueRepository.swift */; };
		DCD7F3BEE8D28A1488D5F1AD /* LokaDate.swift in Sources */ = {isa = PBXBuildFile; fileRef = 71A577E2F5F20F4D8CF853F1 /* LokaDate.swift */; };
		DD98C84AD96271AB8DF9E684 /* CreateIssueViewModel.swift in Sources */ = {isa = PBXBuildFile; fileRef = 861DF99F5C51182A8D709347 /* CreateIssueViewModel.swift */; };
		E28AFDF9099C6FB59EC9448A /* LokaShadow.swift in Sources */ = {isa = PBXBuildFile; fileRef = 3483C591DF082804ACB14732 /* LokaShadow.swift */; };
		E9AEEF3A517D477311158AC6 /* Date+Relative.swift in Sources */ = {isa = PBXBuildFile; fileRef = D6192D6872F648EA0AC5F1BE /* Date+Relative.swift */; };
		EA43C145B4C4A8689742AAED /* HTTPMethod.swift in Sources */ = {isa = PBXBuildFile; fileRef = DF3FF321AF5C8FF1165C3A9A /* HTTPMethod.swift */; };
		EF70F582DA72960B7A9F6052 /* LokaTypography.swift in Sources */ = {isa = PBXBuildFile; fileRef = 594144CC0E5AEAFFE4E7A25F /* LokaTypography.swift */; };
		F3B921B14AD4A035D54F45B6 /* Haptics.swift in Sources */ = {isa = PBXBuildFile; fileRef = 561E616F8227F89EDC3ACE9D /* Haptics.swift */; };
		F53B01B1041540120D91D6F6 /* Comment.swift in Sources */ = {isa = PBXBuildFile; fileRef = 51B0353EE30A6891F3EAFD89 /* Comment.swift */; };
		F6EED5E9CDEA0E336BB42477 /* LokaMetrics.swift in Sources */ = {isa = PBXBuildFile; fileRef = 8F13D20A1BB078E28F6FD9AE /* LokaMetrics.swift */; };
/* End PBXBuildFile section */

/* Begin PBXFileReference section */
		07E7107D2D166C73599ED19B /* MainTabView.swift */ = {isa = PBXFileReference; lastKnownFileType = sourcecode.swift; path = MainTabView.swift; sourceTree = "<group>"; };
		1AA756A45B5EA0EF8E699571 /* LokaCard.swift */ = {isa = PBXFileReference; lastKnownFileType = sourcecode.swift; path = LokaCard.swift; sourceTree = "<group>"; };
		1F22483FEFF92FA8E93D7239 /* SecureStorage.swift */ = {isa = PBXFileReference; lastKnownFileType = sourcecode.swift; path = SecureStorage.swift; sourceTree = "<group>"; };
		2841D26E4CE544171C48F0C3 /* District.swift */ = {isa = PBXFileReference; lastKnownFileType = sourcecode.swift; path = District.swift; sourceTree = "<group>"; };
		3483C591DF082804ACB14732 /* LokaShadow.swift */ = {isa = PBXFileReference; lastKnownFileType = sourcecode.swift; path = LokaShadow.swift; sourceTree = "<group>"; };
		35FE68D58BA90C86EF70DAAC /* SplashView.swift */ = {isa = PBXFileReference; lastKnownFileType = sourcecode.swift; path = SplashView.swift; sourceTree = "<group>"; };
		3B438CAA8FA6765C940F2A37 /* RootView.swift */ = {isa = PBXFileReference; lastKnownFileType = sourcecode.swift; path = RootView.swift; sourceTree = "<group>"; };
		40419CC9333B76D420C8BC1D /* AuthService.swift */ = {isa = PBXFileReference; lastKnownFileType = sourcecode.swift; path = AuthService.swift; sourceTree = "<group>"; };
		41E5797C0565A4AC8EB57C18 /* IssueCompactRow.swift */ = {isa = PBXFileReference; lastKnownFileType = sourcecode.swift; path = IssueCompactRow.swift; sourceTree = "<group>"; };
		42F3AEBE033CF9102263A447 /* Issue.swift */ = {isa = PBXFileReference; lastKnownFileType = sourcecode.swift; path = Issue.swift; sourceTree = "<group>"; };
		44924DCA2812A26F1B349977 /* AppConfig.swift */ = {isa = PBXFileReference; lastKnownFileType = sourcecode.swift; path = AppConfig.swift; sourceTree = "<group>"; };
		44A03D5E43A6D261367D1B49 /* BecomeCitizenViewModel.swift */ = {isa = PBXFileReference; lastKnownFileType = sourcecode.swift; path = BecomeCitizenViewModel.swift; sourceTree = "<group>"; };
		4621AD3E5146F5BBD0D996AB /* APIClient.swift */ = {isa = PBXFileReference; lastKnownFileType = sourcecode.swift; path = APIClient.swift; sourceTree = "<group>"; };
		48D7BE42AF56D8C06AF60B13 /* IssueService.swift */ = {isa = PBXFileReference; lastKnownFileType = sourcecode.swift; path = IssueService.swift; sourceTree = "<group>"; };
		4B7A2DDD98E44D895F86CBBB /* UploadManager.swift */ = {isa = PBXFileReference; lastKnownFileType = sourcecode.swift; path = UploadManager.swift; sourceTree = "<group>"; };
		50BD1DDB34CAF159294BA3BE /* IssueRepository.swift */ = {isa = PBXFileReference; lastKnownFileType = sourcecode.swift; path = IssueRepository.swift; sourceTree = "<group>"; };
		50D06A71C99F09A5ABA710AE /* Citizen.swift */ = {isa = PBXFileReference; lastKnownFileType = sourcecode.swift; path = Citizen.swift; sourceTree = "<group>"; };
		51B0353EE30A6891F3EAFD89 /* Comment.swift */ = {isa = PBXFileReference; lastKnownFileType = sourcecode.swift; path = Comment.swift; sourceTree = "<group>"; };
		561E616F8227F89EDC3ACE9D /* Haptics.swift */ = {isa = PBXFileReference; lastKnownFileType = sourcecode.swift; path = Haptics.swift; sourceTree = "<group>"; };
		569ED6A8081418C00F665F27 /* Preview Assets.xcassets */ = {isa = PBXFileReference; lastKnownFileType = folder.assetcatalog; path = "Preview Assets.xcassets"; sourceTree = "<group>"; };
		5784C047D07AF804B7457AA8 /* VerificationService.swift */ = {isa = PBXFileReference; lastKnownFileType = sourcecode.swift; path = VerificationService.swift; sourceTree = "<group>"; };
		594144CC0E5AEAFFE4E7A25F /* LokaTypography.swift */ = {isa = PBXFileReference; lastKnownFileType = sourcecode.swift; path = LokaTypography.swift; sourceTree = "<group>"; };
		59D13BECDB1BBA6824372DC1 /* AppSessionManager.swift */ = {isa = PBXFileReference; lastKnownFileType = sourcecode.swift; path = AppSessionManager.swift; sourceTree = "<group>"; };
		5EFC79ADDB02FA447B576F70 /* IssueFeedCard.swift */ = {isa = PBXFileReference; lastKnownFileType = sourcecode.swift; path = IssueFeedCard.swift; sourceTree = "<group>"; };
		62B511B2D997016956594DB0 /* ServiceLocator.swift */ = {isa = PBXFileReference; lastKnownFileType = sourcecode.swift; path = ServiceLocator.swift; sourceTree = "<group>"; };
		6703B783F70EE1660DA2C3BB /* LokaAvatar.swift */ = {isa = PBXFileReference; lastKnownFileType = sourcecode.swift; path = LokaAvatar.swift; sourceTree = "<group>"; };
		672C601265A641128C357723 /* LokaButton.swift */ = {isa = PBXFileReference; lastKnownFileType = sourcecode.swift; path = LokaButton.swift; sourceTree = "<group>"; };
		71A577E2F5F20F4D8CF853F1 /* LokaDate.swift */ = {isa = PBXFileReference; lastKnownFileType = sourcecode.swift; path = LokaDate.swift; sourceTree = "<group>"; };
		734FC6BD388B1C2B8B68F814 /* APIError.swift */ = {isa = PBXFileReference; lastKnownFileType = sourcecode.swift; path = APIError.swift; sourceTree = "<group>"; };
		73D0FDAA1CAEB9DEF1A804AC /* CustomTabBar.swift */ = {isa = PBXFileReference; lastKnownFileType = sourcecode.swift; path = CustomTabBar.swift; sourceTree = "<group>"; };
		7636E7187F80A6372F59848C /* AuthView.swift */ = {isa = PBXFileReference; lastKnownFileType = sourcecode.swift; path = AuthView.swift; sourceTree = "<group>"; };
		76884D88AF902BC91F2C173B /* LokaTextField.swift */ = {isa = PBXFileReference; lastKnownFileType = sourcecode.swift; path = LokaTextField.swift; sourceTree = "<group>"; };
		78EFECF142685A604B26E59A /* CommentRepository.swift */ = {isa = PBXFileReference; lastKnownFileType = sourcecode.swift; path = CommentRepository.swift; sourceTree = "<group>"; };
		7BA0DD3B51BE35D656634904 /* LokaColor.swift */ = {isa = PBXFileReference; lastKnownFileType = sourcecode.swift; path = LokaColor.swift; sourceTree = "<group>"; };
		861DF99F5C51182A8D709347 /* CreateIssueViewModel.swift */ = {isa = PBXFileReference; lastKnownFileType = sourcecode.swift; path = CreateIssueViewModel.swift; sourceTree = "<group>"; };
		87328D6D4B4B97E1F63701FA /* SearchView.swift */ = {isa = PBXFileReference; lastKnownFileType = sourcecode.swift; path = SearchView.swift; sourceTree = "<group>"; };
		88D75F7FDAE270829E4572CB /* Loka.app */ = {isa = PBXFileReference; includeInIndex = 0; lastKnownFileType = wrapper.application; path = Loka.app; sourceTree = BUILT_PRODUCTS_DIR; };
		8B9E98186BB4B9BBA43A9DCE /* NotificationRepository.swift */ = {isa = PBXFileReference; lastKnownFileType = sourcecode.swift; path = NotificationRepository.swift; sourceTree = "<group>"; };
		8F0252725CA75C471FC9DE8E /* Assets.xcassets */ = {isa = PBXFileReference; lastKnownFileType = folder.assetcatalog; path = Assets.xcassets; sourceTree = "<group>"; };
		8F13D20A1BB078E28F6FD9AE /* LokaMetrics.swift */ = {isa = PBXFileReference; lastKnownFileType = sourcecode.swift; path = LokaMetrics.swift; sourceTree = "<group>"; };
		93ACD6BE15D39593561F470F /* IssueDetailViewModel.swift */ = {isa = PBXFileReference; lastKnownFileType = sourcecode.swift; path = IssueDetailViewModel.swift; sourceTree = "<group>"; };
		93E6A0E9549CF68F6EAA959B /* DTOs.swift */ = {isa = PBXFileReference; lastKnownFileType = sourcecode.swift; path = DTOs.swift; sourceTree = "<group>"; };
		967C3F0D78F86D7BA99BDE64 /* PressableModifier.swift */ = {isa = PBXFileReference; lastKnownFileType = sourcecode.swift; path = PressableModifier.swift; sourceTree = "<group>"; };
		9691722E4EBE19823011642B /* Endpoints.swift */ = {isa = PBXFileReference; lastKnownFileType = sourcecode.swift; path = Endpoints.swift; sourceTree = "<group>"; };
		A12EE26947A9589962C759F2 /* NotificationsViewModel.swift */ = {isa = PBXFileReference; lastKnownFileType = sourcecode.swift; path = NotificationsViewModel.swift; sourceTree = "<group>"; };
		A18A78BDF77860D98709D001 /* FeedViewModel.swift */ = {isa = PBXFileReference; lastKnownFileType = sourcecode.swift; path = FeedViewModel.swift; sourceTree = "<group>"; };
		A3B9EF89083F0D41DD23D65B /* JSONCoding.swift */ = {isa = PBXFileReference; lastKnownFileType = sourcecode.swift; path = JSONCoding.swift; sourceTree = "<group>"; };
		A447B09E7E3D6BC36097B279 /* AppRouter.swift */ = {isa = PBXFileReference; lastKnownFileType = sourcecode.swift; path = AppRouter.swift; sourceTree = "<group>"; };
		AE431CBE19254B78514C7543 /* IssueCategory+Style.swift */ = {isa = PBXFileReference; lastKnownFileType = sourcecode.swift; path = "IssueCategory+Style.swift"; sourceTree = "<group>"; };
		B1B1D2AD8004FF55083FF575 /* FeedFilter.swift */ = {isa = PBXFileReference; lastKnownFileType = sourcecode.swift; path = FeedFilter.swift; sourceTree = "<group>"; };
		B77F258262A372624F2C8339 /* FilterChip.swift */ = {isa = PBXFileReference; lastKnownFileType = sourcecode.swift; path = FilterChip.swift; sourceTree = "<group>"; };
		BA4E0EF3D71D3784204212BC /* APIEnvironment.swift */ = {isa = PBXFileReference; lastKnownFileType = sourcecode.swift; path = APIEnvironment.swift; sourceTree = "<group>"; };
		BE200E271BB43CE7E8D495D7 /* Participation.swift */ = {isa = PBXFileReference; lastKnownFileType = sourcecode.swift; path = Participation.swift; sourceTree = "<group>"; };
		BFB98991B0534073D49A1F37 /* AuthViewModel.swift */ = {isa = PBXFileReference; lastKnownFileType = sourcecode.swift; path = AuthViewModel.swift; sourceTree = "<group>"; };
		CA87288DB81237B27A6B8CE7 /* NotificationsView.swift */ = {isa = PBXFileReference; lastKnownFileType = sourcecode.swift; path = NotificationsView.swift; sourceTree = "<group>"; };
		CAF866A170A7F8FBE4002CCC /* CreateIssueView.swift */ = {isa = PBXFileReference; lastKnownFileType = sourcecode.swift; path = CreateIssueView.swift; sourceTree = "<group>"; };
		CF2562CF2838DBAA70327116 /* APIRequest.swift */ = {isa = PBXFileReference; lastKnownFileType = sourcecode.swift; path = APIRequest.swift; sourceTree = "<group>"; };
		D0BD325C457C832CFE4E9FE2 /* FeedView.swift */ = {isa = PBXFileReference; lastKnownFileType = sourcecode.swift; path = FeedView.swift; sourceTree = "<group>"; };
		D0EAC39AE2D09A05ABAD691D /* LokaApp.swift */ = {isa = PBXFileReference; lastKnownFileType = sourcecode.swift; path = LokaApp.swift; sourceTree = "<group>"; };
		D6192D6872F648EA0AC5F1BE /* Date+Relative.swift */ = {isa = PBXFileReference; lastKnownFileType = sourcecode.swift; path = "Date+Relative.swift"; sourceTree = "<group>"; };
		D6B2205D033217B02C8AD980 /* BecomeCitizenView.swift */ = {isa = PBXFileReference; lastKnownFileType = sourcecode.swift; path = BecomeCitizenView.swift; sourceTree = "<group>"; };
		D866EA635CC4B4FC75D2F3BE /* IssueDetailView.swift */ = {isa = PBXFileReference; lastKnownFileType = sourcecode.swift; path = IssueDetailView.swift; sourceTree = "<group>"; };
		DBF0E9F8C7D4D17F84A49476 /* SkeletonView.swift */ = {isa = PBXFileReference; lastKnownFileType = sourcecode.swift; path = SkeletonView.swift; sourceTree = "<group>"; };
		DD0B93AB49A3947DE2457762 /* MockData.swift */ = {isa = PBXFileReference; lastKnownFileType = sourcecode.swift; path = MockData.swift; sourceTree = "<group>"; };
		DF3FF321AF5C8FF1165C3A9A /* HTTPMethod.swift */ = {isa = PBXFileReference; lastKnownFileType = sourcecode.swift; path = HTTPMethod.swift; sourceTree = "<group>"; };
		E1B803277F4D10A9DE51CD89 /* ParticipationRepository.swift */ = {isa = PBXFileReference; lastKnownFileType = sourcecode.swift; path = ParticipationRepository.swift; sourceTree = "<group>"; };
		E1D8EF7AE455D521CE03BD24 /* ParticipationBar.swift */ = {isa = PBXFileReference; lastKnownFileType = sourcecode.swift; path = ParticipationBar.swift; sourceTree = "<group>"; };
		E2038DBD48D2734B18A6F69F /* EmptyStateView.swift */ = {isa = PBXFileReference; lastKnownFileType = sourcecode.swift; path = EmptyStateView.swift; sourceTree = "<group>"; };
		EF91776031A7DF4DCB66892D /* ProfileView.swift */ = {isa = PBXFileReference; lastKnownFileType = sourcecode.swift; path = ProfileView.swift; sourceTree = "<group>"; };
		F0B25A4F23B1B03859CB6A72 /* CitizenRepository.swift */ = {isa = PBXFileReference; lastKnownFileType = sourcecode.swift; path = CitizenRepository.swift; sourceTree = "<group>"; };
		F1E41B77321E43AE85689605 /* LokaAnimation.swift */ = {isa = PBXFileReference; lastKnownFileType = sourcecode.swift; path = LokaAnimation.swift; sourceTree = "<group>"; };
		F2705FC6B5B0CB87BB5CB922 /* CategoryTag.swift */ = {isa = PBXFileReference; lastKnownFileType = sourcecode.swift; path = CategoryTag.swift; sourceTree = "<group>"; };
		F44497862A26B70C3A5B5F07 /* Notification.swift */ = {isa = PBXFileReference; lastKnownFileType = sourcecode.swift; path = Notification.swift; sourceTree = "<group>"; };
		F8B2B16B911092217D602C30 /* StatusPill.swift */ = {isa = PBXFileReference; lastKnownFileType = sourcecode.swift; path = StatusPill.swift; sourceTree = "<group>"; };
		FA5BE17F07D2932BFA51D206 /* SearchViewModel.swift */ = {isa = PBXFileReference; lastKnownFileType = sourcecode.swift; path = SearchViewModel.swift; sourceTree = "<group>"; };
		FECD64D6653F8D24E41786CE /* Info.plist */ = {isa = PBXFileReference; lastKnownFileType = text.plist; path = Info.plist; sourceTree = "<group>"; };
/* End PBXFileReference section */

/* Begin PBXGroup section */
		02D894C8F15B8B09273B49BB /* Authentication */ = {
			isa = PBXGroup;
			children = (
				7636E7187F80A6372F59848C /* AuthView.swift */,
				BFB98991B0534073D49A1F37 /* AuthViewModel.swift */,
			);
			path = Authentication;
			sourceTree = "<group>";
		};
		0B169F9E69ABA91D0CE2A555 /* Preview Content */ = {
			isa = PBXGroup;
			children = (
				569ED6A8081418C00F665F27 /* Preview Assets.xcassets */,
			);
			path = "Preview Content";
			sourceTree = "<group>";
		};
		10F12FC0932002E2F2B9D9F3 /* Issue */ = {
			isa = PBXGroup;
			children = (
				D866EA635CC4B4FC75D2F3BE /* IssueDetailView.swift */,
				93ACD6BE15D39593561F470F /* IssueDetailViewModel.swift */,
			);
			path = Issue;
			sourceTree = "<group>";
		};
		20CC5FA451CCC64CD65B27C8 /* Search */ = {
			isa = PBXGroup;
			children = (
				87328D6D4B4B97E1F63701FA /* SearchView.swift */,
				FA5BE17F07D2932BFA51D206 /* SearchViewModel.swift */,
			);
			path = Search;
			sourceTree = "<group>";
		};
		22375436193A0F72BF5DD771 /* Notifications */ = {
			isa = PBXGroup;
			children = (
				CA87288DB81237B27A6B8CE7 /* NotificationsView.swift */,
				A12EE26947A9589962C759F2 /* NotificationsViewModel.swift */,
			);
			path = Notifications;
			sourceTree = "<group>";
		};
		2528F6FBDEEDF393CA8D0F43 /* Feed */ = {
			isa = PBXGroup;
			children = (
				B1B1D2AD8004FF55083FF575 /* FeedFilter.swift */,
				D0BD325C457C832CFE4E9FE2 /* FeedView.swift */,
				A18A78BDF77860D98709D001 /* FeedViewModel.swift */,
			);
			path = Feed;
			sourceTree = "<group>";
		};
		410344859CFBD9B19CD75C00 /* Feed */ = {
			isa = PBXGroup;
			children = (
				41E5797C0565A4AC8EB57C18 /* IssueCompactRow.swift */,
				5EFC79ADDB02FA447B576F70 /* IssueFeedCard.swift */,
			);
			path = Feed;
			sourceTree = "<group>";
		};
		4C1779DCE702E78FA1BF0C99 /* Foundation */ = {
			isa = PBXGroup;
			children = (
				561E616F8227F89EDC3ACE9D /* Haptics.swift */,
				AE431CBE19254B78514C7543 /* IssueCategory+Style.swift */,
				F1E41B77321E43AE85689605 /* LokaAnimation.swift */,
				7BA0DD3B51BE35D656634904 /* LokaColor.swift */,
				8F13D20A1BB078E28F6FD9AE /* LokaMetrics.swift */,
				3483C591DF082804ACB14732 /* LokaShadow.swift */,
				594144CC0E5AEAFFE4E7A25F /* LokaTypography.swift */,
			);
			path = Foundation;
			sourceTree = "<group>";
		};
		4D01C23A54EA6EADAE142EFA /* DesignSystem */ = {
			isa = PBXGroup;
			children = (
				F7E1E730B636C278C57D5698 /* Components */,
				410344859CFBD9B19CD75C00 /* Feed */,
				4C1779DCE702E78FA1BF0C99 /* Foundation */,
			);
			path = DesignSystem;
			sourceTree = "<group>";
		};
		64B84E0FDEAF1A74C1686510 /* Products */ = {
			isa = PBXGroup;
			children = (
				88D75F7FDAE270829E4572CB /* Loka.app */,
			);
			name = Products;
			sourceTree = "<group>";
		};
		80133AEEE20751E941EA9B6C /* Features */ = {
			isa = PBXGroup;
			children = (
				02D894C8F15B8B09273B49BB /* Authentication */,
				9F1E1D2E94F3CA06EA6F4287 /* CreateIssue */,
				2528F6FBDEEDF393CA8D0F43 /* Feed */,
				10F12FC0932002E2F2B9D9F3 /* Issue */,
				22375436193A0F72BF5DD771 /* Notifications */,
				CFA538006DBF87281DE0469F /* Profile */,
				20CC5FA451CCC64CD65B27C8 /* Search */,
				D583383B2F7EEEDEBDC6CF2E /* Verification */,
			);
			path = Features;
			sourceTree = "<group>";
		};
		951BEC1B7CBE6AB1BCE189AA /* App */ = {
			isa = PBXGroup;
			children = (
				73D0FDAA1CAEB9DEF1A804AC /* CustomTabBar.swift */,
				FECD64D6653F8D24E41786CE /* Info.plist */,
				D0EAC39AE2D09A05ABAD691D /* LokaApp.swift */,
				07E7107D2D166C73599ED19B /* MainTabView.swift */,
				3B438CAA8FA6765C940F2A37 /* RootView.swift */,
				35FE68D58BA90C86EF70DAAC /* SplashView.swift */,
			);
			path = App;
			sourceTree = "<group>";
		};
		9F1E1D2E94F3CA06EA6F4287 /* CreateIssue */ = {
			isa = PBXGroup;
			children = (
				CAF866A170A7F8FBE4002CCC /* CreateIssueView.swift */,
				861DF99F5C51182A8D709347 /* CreateIssueViewModel.swift */,
			);
			path = CreateIssue;
			sourceTree = "<group>";
		};
		A4BD29AC2F20426A6C20963B /* Resources */ = {
			isa = PBXGroup;
			children = (
				0B169F9E69ABA91D0CE2A555 /* Preview Content */,
				8F0252725CA75C471FC9DE8E /* Assets.xcassets */,
			);
			path = Resources;
			sourceTree = "<group>";
		};
		AF613AB58174EB1509B291D9 /* Core */ = {
			isa = PBXGroup;
			children = (
				44924DCA2812A26F1B349977 /* AppConfig.swift */,
				A447B09E7E3D6BC36097B279 /* AppRouter.swift */,
				59D13BECDB1BBA6824372DC1 /* AppSessionManager.swift */,
				1F22483FEFF92FA8E93D7239 /* SecureStorage.swift */,
				62B511B2D997016956594DB0 /* ServiceLocator.swift */,
				4B7A2DDD98E44D895F86CBBB /* UploadManager.swift */,
			);
			path = Core;
			sourceTree = "<group>";
		};
		B57F207743799B548EE1F690 /* Services */ = {
			isa = PBXGroup;
			children = (
				40419CC9333B76D420C8BC1D /* AuthService.swift */,
				48D7BE42AF56D8C06AF60B13 /* IssueService.swift */,
				5784C047D07AF804B7457AA8 /* VerificationService.swift */,
			);
			path = Services;
			sourceTree = "<group>";
		};
		CFA538006DBF87281DE0469F /* Profile */ = {
			isa = PBXGroup;
			children = (
				EF91776031A7DF4DCB66892D /* ProfileView.swift */,
			);
			path = Profile;
			sourceTree = "<group>";
		};
		D0260731F0659272E42F36F0 /* Loka */ = {
			isa = PBXGroup;
			children = (
				951BEC1B7CBE6AB1BCE189AA /* App */,
				AF613AB58174EB1509B291D9 /* Core */,
				4D01C23A54EA6EADAE142EFA /* DesignSystem */,
				80133AEEE20751E941EA9B6C /* Features */,
				E547BFEB92B1E20E381F0964 /* Models */,
				F75C54AFFFE5F01B5372BBA6 /* Networking */,
				E8583B587B55FFE9AB7CBBE6 /* Repositories */,
				A4BD29AC2F20426A6C20963B /* Resources */,
				B57F207743799B548EE1F690 /* Services */,
				F7033F6244CBCE97D6542052 /* Utilities */,
			);
			path = Loka;
			sourceTree = "<group>";
		};
		D583383B2F7EEEDEBDC6CF2E /* Verification */ = {
			isa = PBXGroup;
			children = (
				D6B2205D033217B02C8AD980 /* BecomeCitizenView.swift */,
				44A03D5E43A6D261367D1B49 /* BecomeCitizenViewModel.swift */,
			);
			path = Verification;
			sourceTree = "<group>";
		};
		E37BE97F100BFF8E8AB0D8D5 = {
			isa = PBXGroup;
			children = (
				D0260731F0659272E42F36F0 /* Loka */,
				64B84E0FDEAF1A74C1686510 /* Products */,
			);
			sourceTree = "<group>";
		};
		E547BFEB92B1E20E381F0964 /* Models */ = {
			isa = PBXGroup;
			children = (
				50D06A71C99F09A5ABA710AE /* Citizen.swift */,
				51B0353EE30A6891F3EAFD89 /* Comment.swift */,
				2841D26E4CE544171C48F0C3 /* District.swift */,
				42F3AEBE033CF9102263A447 /* Issue.swift */,
				F44497862A26B70C3A5B5F07 /* Notification.swift */,
				BE200E271BB43CE7E8D495D7 /* Participation.swift */,
			);
			path = Models;
			sourceTree = "<group>";
		};
		E8583B587B55FFE9AB7CBBE6 /* Repositories */ = {
			isa = PBXGroup;
			children = (
				F0B25A4F23B1B03859CB6A72 /* CitizenRepository.swift */,
				78EFECF142685A604B26E59A /* CommentRepository.swift */,
				50BD1DDB34CAF159294BA3BE /* IssueRepository.swift */,
				DD0B93AB49A3947DE2457762 /* MockData.swift */,
				8B9E98186BB4B9BBA43A9DCE /* NotificationRepository.swift */,
				E1B803277F4D10A9DE51CD89 /* ParticipationRepository.swift */,
			);
			path = Repositories;
			sourceTree = "<group>";
		};
		F7033F6244CBCE97D6542052 /* Utilities */ = {
			isa = PBXGroup;
			children = (
				D6192D6872F648EA0AC5F1BE /* Date+Relative.swift */,
			);
			path = Utilities;
			sourceTree = "<group>";
		};
		F75C54AFFFE5F01B5372BBA6 /* Networking */ = {
			isa = PBXGroup;
			children = (
				4621AD3E5146F5BBD0D996AB /* APIClient.swift */,
				BA4E0EF3D71D3784204212BC /* APIEnvironment.swift */,
				734FC6BD388B1C2B8B68F814 /* APIError.swift */,
				CF2562CF2838DBAA70327116 /* APIRequest.swift */,
				93E6A0E9549CF68F6EAA959B /* DTOs.swift */,
				9691722E4EBE19823011642B /* Endpoints.swift */,
				DF3FF321AF5C8FF1165C3A9A /* HTTPMethod.swift */,
				A3B9EF89083F0D41DD23D65B /* JSONCoding.swift */,
				71A577E2F5F20F4D8CF853F1 /* LokaDate.swift */,
			);
			path = Networking;
			sourceTree = "<group>";
		};
		F7E1E730B636C278C57D5698 /* Components */ = {
			isa = PBXGroup;
			children = (
				F2705FC6B5B0CB87BB5CB922 /* CategoryTag.swift */,
				E2038DBD48D2734B18A6F69F /* EmptyStateView.swift */,
				B77F258262A372624F2C8339 /* FilterChip.swift */,
				6703B783F70EE1660DA2C3BB /* LokaAvatar.swift */,
				672C601265A641128C357723 /* LokaButton.swift */,
				1AA756A45B5EA0EF8E699571 /* LokaCard.swift */,
				76884D88AF902BC91F2C173B /* LokaTextField.swift */,
				E1D8EF7AE455D521CE03BD24 /* ParticipationBar.swift */,
				967C3F0D78F86D7BA99BDE64 /* PressableModifier.swift */,
				DBF0E9F8C7D4D17F84A49476 /* SkeletonView.swift */,
				F8B2B16B911092217D602C30 /* StatusPill.swift */,
			);
			path = Components;
			sourceTree = "<group>";
		};
/* End PBXGroup section */

/* Begin PBXNativeTarget section */
		D083B313223630A2478F3319 /* Loka */ = {
			isa = PBXNativeTarget;
			buildConfigurationList = BE8C3DD3735A0D86322FD68E /* Build configuration list for PBXNativeTarget "Loka" */;
			buildPhases = (
				054B7724527014F88D0D9258 /* Sources */,
				4641926964E6D52C1B2B4976 /* Resources */,
			);
			buildRules = (
			);
			dependencies = (
			);
			name = Loka;
			packageProductDependencies = (
			);
			productName = Loka;
			productReference = 88D75F7FDAE270829E4572CB /* Loka.app */;
			productType = "com.apple.product-type.application";
		};
/* End PBXNativeTarget section */

/* Begin PBXProject section */
		B3EB4B7626F23649643330ED /* Project object */ = {
			isa = PBXProject;
			attributes = {
				BuildIndependentTargetsInParallel = YES;
				LastUpgradeCheck = 1430;
				TargetAttributes = {
					D083B313223630A2478F3319 = {
						DevelopmentTeam = YZFSC6CZ7H;
						ProvisioningStyle = Manual;
					};
				};
			};
			buildConfigurationList = 657526F1491E306AE33F5996 /* Build configuration list for PBXProject "Loka" */;
			developmentRegion = en;
			hasScannedForEncodings = 0;
			knownRegions = (
				Base,
				en,
			);
			mainGroup = E37BE97F100BFF8E8AB0D8D5;
			minimizedProjectReferenceProxies = 1;
			preferredProjectObjectVersion = 77;
			productRefGroup = 64B84E0FDEAF1A74C1686510 /* Products */;
			projectDirPath = "";
			projectRoot = "";
			targets = (
				D083B313223630A2478F3319 /* Loka */,
			);
		};
/* End PBXProject section */

/* Begin PBXResourcesBuildPhase section */
		4641926964E6D52C1B2B4976 /* Resources */ = {
			isa = PBXResourcesBuildPhase;
			buildActionMask = 2147483647;
			files = (
				AADA93B605049C55EAE88B65 /* Assets.xcassets in Resources */,
				6618A3A840FDEB3B255C6535 /* Preview Assets.xcassets in Resources */,
			);
			runOnlyForDeploymentPostprocessing = 0;
		};
/* End PBXResourcesBuildPhase section */

/* Begin PBXSourcesBuildPhase section */
		054B7724527014F88D0D9258 /* Sources */ = {
			isa = PBXSourcesBuildPhase;
			buildActionMask = 2147483647;
			files = (
				5805036449E6B1FE6E03639C /* APIClient.swift in Sources */,
				5DE3F00F63D2860AF6403545 /* APIEnvironment.swift in Sources */,
				548F389167322249DC50913D /* APIError.swift in Sources */,
				C3A8001986CBE98A0EF40902 /* APIRequest.swift in Sources */,
				96310E0D7307DD34712BC3EA /* AppConfig.swift in Sources */,
				861AE09A037684DEC7811897 /* AppRouter.swift in Sources */,
				6D682DDA569AE3A08F9B7C76 /* AppSessionManager.swift in Sources */,
				79228834A120F8238F1BAEFB /* AuthService.swift in Sources */,
				3719E0CBDA776498D3884AE5 /* AuthView.swift in Sources */,
				33E38BBDFEF8334E7E55C51D /* AuthViewModel.swift in Sources */,
				11108370DCB9751ADE7DE560 /* BecomeCitizenView.swift in Sources */,
				29677439ABA219102A1D5BE1 /* BecomeCitizenViewModel.swift in Sources */,
				A6DA2A97E69A46725059ED15 /* CategoryTag.swift in Sources */,
				51B5E74107B4316B856B28AD /* Citizen.swift in Sources */,
				4F739BC5E5A4AA23D250DB20 /* CitizenRepository.swift in Sources */,
				F53B01B1041540120D91D6F6 /* Comment.swift in Sources */,
				C33629DB2D48BDF8BAB7AAFF /* CommentRepository.swift in Sources */,
				BE6DF648106FBA90D403E12E /* CreateIssueView.swift in Sources */,
				DD98C84AD96271AB8DF9E684 /* CreateIssueViewModel.swift in Sources */,
				15F8D6F46B2E4732294DE3AD /* CustomTabBar.swift in Sources */,
				69AE16C946F115C32F8CED9C /* DTOs.swift in Sources */,
				E9AEEF3A517D477311158AC6 /* Date+Relative.swift in Sources */,
				6AB1C408345ECA8295CF6DD9 /* District.swift in Sources */,
				8905E77420F62D82FDF5902D /* EmptyStateView.swift in Sources */,
				854CE22787A055F54BB9F34D /* Endpoints.swift in Sources */,
				03B00420547CED1B5366C717 /* FeedFilter.swift in Sources */,
				8737EB70C3AE7B4F70A03F86 /* FeedView.swift in Sources */,
				84D9953E973C1B7F9B343272 /* FeedViewModel.swift in Sources */,
				3BE24CDF3A3339B35574E26D /* FilterChip.swift in Sources */,
				EA43C145B4C4A8689742AAED /* HTTPMethod.swift in Sources */,
				F3B921B14AD4A035D54F45B6 /* Haptics.swift in Sources */,
				C7F585A1560D7CE4695769B2 /* Issue.swift in Sources */,
				2CB4DAD1A15B691CD74824E2 /* IssueCategory+Style.swift in Sources */,
				63B39B76C8CAB43C02C7F650 /* IssueCompactRow.swift in Sources */,
				222A924843594DFB0B24D039 /* IssueDetailView.swift in Sources */,
				C6B5E6F09CA95F0276D761CC /* IssueDetailViewModel.swift in Sources */,
				41A1B1B828F73C490F044C36 /* IssueFeedCard.swift in Sources */,
				D167CA1CFF9C5A6C1B8B3548 /* IssueRepository.swift in Sources */,
				CB9C2A1072D3503DA577990A /* IssueService.swift in Sources */,
				01D1A4D6E4074CCDAA2867CB /* JSONCoding.swift in Sources */,
				6F947B9A8B01E2541A8D148F /* LokaAnimation.swift in Sources */,
				784499353DFFD0A5246FF7DF /* LokaApp.swift in Sources */,
				C5236EE3931C66366BB70055 /* LokaAvatar.swift in Sources */,
				8D7E0D2C3DC47FE60E35C72E /* LokaButton.swift in Sources */,
				567BBF5C72F7EEC9CB57385F /* LokaCard.swift in Sources */,
				C671D0608D51EA835FD0CB1D /* LokaColor.swift in Sources */,
				DCD7F3BEE8D28A1488D5F1AD /* LokaDate.swift in Sources */,
				F6EED5E9CDEA0E336BB42477 /* LokaMetrics.swift in Sources */,
				E28AFDF9099C6FB59EC9448A /* LokaShadow.swift in Sources */,
				4327F5926A093F60230005A0 /* LokaTextField.swift in Sources */,
				EF70F582DA72960B7A9F6052 /* LokaTypography.swift in Sources */,
				70443B4F061D959D0D74ADE2 /* MainTabView.swift in Sources */,
				346404A1DDAA800DC12E90A2 /* MockData.swift in Sources */,
				14C74915426017A322C35A79 /* Notification.swift in Sources */,
				0C4A67209ABA5887B2A592F3 /* NotificationRepository.swift in Sources */,
				141E402E4F9BE2CF80134D73 /* NotificationsView.swift in Sources */,
				7B016022ABA6E3F68B03AA60 /* NotificationsViewModel.swift in Sources */,
				8EADDE324CFF025B82B9FCB4 /* Participation.swift in Sources */,
				A19985E4E5F40E0883F7D9D1 /* ParticipationBar.swift in Sources */,
				5F59FA092F9E9AB142713A0A /* ParticipationRepository.swift in Sources */,
				CDFDD7DAE3CBD9450DA7F816 /* PressableModifier.swift in Sources */,
				4ACAFF6CDF98F6CF0088CAF8 /* ProfileView.swift in Sources */,
				5F6346501740196DC78A8B97 /* RootView.swift in Sources */,
				64BF543E7691E5A49399BE46 /* SearchView.swift in Sources */,
				26CF15A78A22FF21D103D1F5 /* SearchViewModel.swift in Sources */,
				06BAD9EF86971CD8DAD6F391 /* SecureStorage.swift in Sources */,
				4CE17B25C9B296972E7B0C08 /* ServiceLocator.swift in Sources */,
				A48CB551FAF9BB1BE1F28572 /* SkeletonView.swift in Sources */,
				7AFB0BF05D6F183BB0852325 /* SplashView.swift in Sources */,
				91C3CB764D60CA2A5534A995 /* StatusPill.swift in Sources */,
				67A7E4FCD4DCF0706D86C666 /* UploadManager.swift in Sources */,
				AD847840458907A730979C38 /* VerificationService.swift in Sources */,
			);
			runOnlyForDeploymentPostprocessing = 0;
		};
/* End PBXSourcesBuildPhase section */

/* Begin XCBuildConfiguration section */
		3B988D8DD63A02E74476DCF7 /* Debug */ = {
			isa = XCBuildConfiguration;
			buildSettings = {
				ALWAYS_SEARCH_USER_PATHS = NO;
				CLANG_ANALYZER_NONNULL = YES;
				CLANG_ANALYZER_NUMBER_OBJECT_CONVERSION = YES_AGGRESSIVE;
				CLANG_CXX_LANGUAGE_STANDARD = "gnu++14";
				CLANG_CXX_LIBRARY = "libc++";
				CLANG_ENABLE_MODULES = YES;
				CLANG_ENABLE_OBJC_ARC = YES;
				CLANG_ENABLE_OBJC_WEAK = YES;
				CLANG_WARN_BLOCK_CAPTURE_AUTORELEASING = YES;
				CLANG_WARN_BOOL_CONVERSION = YES;
				CLANG_WARN_COMMA = YES;
				CLANG_WARN_CONSTANT_CONVERSION = YES;
				CLANG_WARN_DEPRECATED_OBJC_IMPLEMENTATIONS = YES;
				CLANG_WARN_DIRECT_OBJC_ISA_USAGE = YES_ERROR;
				CLANG_WARN_DOCUMENTATION_COMMENTS = YES;
				CLANG_WARN_EMPTY_BODY = YES;
				CLANG_WARN_ENUM_CONVERSION = YES;
				CLANG_WARN_INFINITE_RECURSION = YES;
				CLANG_WARN_INT_CONVERSION = YES;
				CLANG_WARN_NON_LITERAL_NULL_CONVERSION = YES;
				CLANG_WARN_OBJC_IMPLICIT_RETAIN_SELF = YES;
				CLANG_WARN_OBJC_LITERAL_CONVERSION = YES;
				CLANG_WARN_OBJC_ROOT_CLASS = YES_ERROR;
				CLANG_WARN_QUOTED_INCLUDE_IN_FRAMEWORK_HEADER = YES;
				CLANG_WARN_RANGE_LOOP_ANALYSIS = YES;
				CLANG_WARN_STRICT_PROTOTYPES = YES;
				CLANG_WARN_SUSPICIOUS_MOVE = YES;
				CLANG_WARN_UNGUARDED_AVAILABILITY = YES_AGGRESSIVE;
				CLANG_WARN_UNREACHABLE_CODE = YES;
				CLANG_WARN__DUPLICATE_METHOD_MATCH = YES;
				CODE_SIGNING_ALLOWED = YES;
				CODE_SIGNING_REQUIRED = YES;
				CODE_SIGN_IDENTITY = "Apple Development";
				CODE_SIGN_STYLE = Manual;
				COPY_PHASE_STRIP = NO;
				CURRENT_PROJECT_VERSION = 1;
				DEBUG_INFORMATION_FORMAT = dwarf;
				DEVELOPMENT_TEAM = YZFSC6CZ7H;
				ENABLE_STRICT_OBJC_MSGSEND = YES;
				ENABLE_TESTABILITY = YES;
				ENABLE_USER_SCRIPT_SANDBOXING = YES;
				GCC_C_LANGUAGE_STANDARD = gnu11;
				GCC_DYNAMIC_NO_PIC = NO;
				GCC_NO_COMMON_BLOCKS = YES;
				GCC_OPTIMIZATION_LEVEL = 0;
				GCC_PREPROCESSOR_DEFINITIONS = (
					"$(inherited)",
					"DEBUG=1",
				);
				GCC_WARN_64_TO_32_BIT_CONVERSION = YES;
				GCC_WARN_ABOUT_RETURN_TYPE = YES_ERROR;
				GCC_WARN_UNDECLARED_SELECTOR = YES;
				GCC_WARN_UNINITIALIZED_AUTOS = YES_AGGRESSIVE;
				GCC_WARN_UNUSED_FUNCTION = YES;
				GCC_WARN_UNUSED_VARIABLE = YES;
				GENERATE_INFOPLIST_FILE = NO;
				IPHONEOS_DEPLOYMENT_TARGET = 17.0;
				MARKETING_VERSION = 0.1.0;
				MTL_ENABLE_DEBUG_INFO = INCLUDE_SOURCE;
				MTL_FAST_MATH = YES;
				ONLY_ACTIVE_ARCH = YES;
				PRODUCT_NAME = "$(TARGET_NAME)";
				SDKROOT = iphoneos;
				SWIFT_ACTIVE_COMPILATION_CONDITIONS = DEBUG;
				SWIFT_OPTIMIZATION_LEVEL = "-Onone";
				SWIFT_VERSION = 5.10;
			};
			name = Debug;
		};
		EEDD90E52B75B5A7706A2C9E /* Debug */ = {
			isa = XCBuildConfiguration;
			buildSettings = {
				ASSETCATALOG_COMPILER_APPICON_NAME = AppIcon;
				ASSETCATALOG_COMPILER_GLOBAL_ACCENT_COLOR_NAME = AccentColor;
				CODE_SIGN_IDENTITY = "iPhone Developer";
				DEVELOPMENT_ASSET_PATHS = "\"Loka/Resources/Preview Content\"";
				INFOPLIST_FILE = Loka/App/Info.plist;
				INFOPLIST_KEY_UIApplicationSupportsIndirectInputEvents = YES;
				IPHONEOS_DEPLOYMENT_TARGET = 17.0;
				LD_RUNPATH_SEARCH_PATHS = (
					"$(inherited)",
					"@executable_path/Frameworks",
				);
				PRODUCT_BUNDLE_IDENTIFIER = com.rbchronicles.loka.app;
				PROVISIONING_PROFILE_SPECIFIER = Wildcard_ios;
				SDKROOT = iphoneos;
				TARGETED_DEVICE_FAMILY = "1,2";
			};
			name = Debug;
		};
		F9D58BCC9D4863205CE8C1B0 /* Release */ = {
			isa = XCBuildConfiguration;
			buildSettings = {
				ASSETCATALOG_COMPILER_APPICON_NAME = AppIcon;
				ASSETCATALOG_COMPILER_GLOBAL_ACCENT_COLOR_NAME = AccentColor;
				CODE_SIGN_IDENTITY = "iPhone Developer";
				DEVELOPMENT_ASSET_PATHS = "\"Loka/Resources/Preview Content\"";
				INFOPLIST_FILE = Loka/App/Info.plist;
				INFOPLIST_KEY_UIApplicationSupportsIndirectInputEvents = YES;
				IPHONEOS_DEPLOYMENT_TARGET = 17.0;
				LD_RUNPATH_SEARCH_PATHS = (
					"$(inherited)",
					"@executable_path/Frameworks",
				);
				PRODUCT_BUNDLE_IDENTIFIER = com.rbchronicles.loka.app;
				PROVISIONING_PROFILE_SPECIFIER = Wildcard_ios;
				SDKROOT = iphoneos;
				TARGETED_DEVICE_FAMILY = "1,2";
			};
			name = Release;
		};
		FD508BEA0A2E093FBD6A9255 /* Release */ = {
			isa = XCBuildConfiguration;
			buildSettings = {
				ALWAYS_SEARCH_USER_PATHS = NO;
				CLANG_ANALYZER_NONNULL = YES;
				CLANG_ANALYZER_NUMBER_OBJECT_CONVERSION = YES_AGGRESSIVE;
				CLANG_CXX_LANGUAGE_STANDARD = "gnu++14";
				CLANG_CXX_LIBRARY = "libc++";
				CLANG_ENABLE_MODULES = YES;
				CLANG_ENABLE_OBJC_ARC = YES;
				CLANG_ENABLE_OBJC_WEAK = YES;
				CLANG_WARN_BLOCK_CAPTURE_AUTORELEASING = YES;
				CLANG_WARN_BOOL_CONVERSION = YES;
				CLANG_WARN_COMMA = YES;
				CLANG_WARN_CONSTANT_CONVERSION = YES;
				CLANG_WARN_DEPRECATED_OBJC_IMPLEMENTATIONS = YES;
				CLANG_WARN_DIRECT_OBJC_ISA_USAGE = YES_ERROR;
				CLANG_WARN_DOCUMENTATION_COMMENTS = YES;
				CLANG_WARN_EMPTY_BODY = YES;
				CLANG_WARN_ENUM_CONVERSION = YES;
				CLANG_WARN_INFINITE_RECURSION = YES;
				CLANG_WARN_INT_CONVERSION = YES;
				CLANG_WARN_NON_LITERAL_NULL_CONVERSION = YES;
				CLANG_WARN_OBJC_IMPLICIT_RETAIN_SELF = YES;
				CLANG_WARN_OBJC_LITERAL_CONVERSION = YES;
				CLANG_WARN_OBJC_ROOT_CLASS = YES_ERROR;
				CLANG_WARN_QUOTED_INCLUDE_IN_FRAMEWORK_HEADER = YES;
				CLANG_WARN_RANGE_LOOP_ANALYSIS = YES;
				CLANG_WARN_STRICT_PROTOTYPES = YES;
				CLANG_WARN_SUSPICIOUS_MOVE = YES;
				CLANG_WARN_UNGUARDED_AVAILABILITY = YES_AGGRESSIVE;
				CLANG_WARN_UNREACHABLE_CODE = YES;
				CLANG_WARN__DUPLICATE_METHOD_MATCH = YES;
				CODE_SIGNING_ALLOWED = YES;
				CODE_SIGNING_REQUIRED = YES;
				CODE_SIGN_IDENTITY = "Apple Development";
				CODE_SIGN_STYLE = Manual;
				COPY_PHASE_STRIP = NO;
				CURRENT_PROJECT_VERSION = 1;
				DEBUG_INFORMATION_FORMAT = "dwarf-with-dsym";
				DEVELOPMENT_TEAM = YZFSC6CZ7H;
				ENABLE_NS_ASSERTIONS = NO;
				ENABLE_STRICT_OBJC_MSGSEND = YES;
				ENABLE_USER_SCRIPT_SANDBOXING = YES;
				GCC_C_LANGUAGE_STANDARD = gnu11;
				GCC_NO_COMMON_BLOCKS = YES;
				GCC_WARN_64_TO_32_BIT_CONVERSION = YES;
				GCC_WARN_ABOUT_RETURN_TYPE = YES_ERROR;
				GCC_WARN_UNDECLARED_SELECTOR = YES;
				GCC_WARN_UNINITIALIZED_AUTOS = YES_AGGRESSIVE;
				GCC_WARN_UNUSED_FUNCTION = YES;
				GCC_WARN_UNUSED_VARIABLE = YES;
				GENERATE_INFOPLIST_FILE = NO;
				IPHONEOS_DEPLOYMENT_TARGET = 17.0;
				MARKETING_VERSION = 0.1.0;
				MTL_ENABLE_DEBUG_INFO = NO;
				MTL_FAST_MATH = YES;
				PRODUCT_NAME = "$(TARGET_NAME)";
				SDKROOT = iphoneos;
				SWIFT_COMPILATION_MODE = wholemodule;
				SWIFT_OPTIMIZATION_LEVEL = "-O";
				SWIFT_VERSION = 5.10;
			};
			name = Release;
		};
/* End XCBuildConfiguration section */

/* Begin XCConfigurationList section */
		657526F1491E306AE33F5996 /* Build configuration list for PBXProject "Loka" */ = {
			isa = XCConfigurationList;
			buildConfigurations = (
				3B988D8DD63A02E74476DCF7 /* Debug */,
				FD508BEA0A2E093FBD6A9255 /* Release */,
			);
			defaultConfigurationIsVisible = 0;
			defaultConfigurationName = Debug;
		};
		BE8C3DD3735A0D86322FD68E /* Build configuration list for PBXNativeTarget "Loka" */ = {
			isa = XCConfigurationList;
			buildConfigurations = (
				EEDD90E52B75B5A7706A2C9E /* Debug */,
				F9D58BCC9D4863205CE8C1B0 /* Release */,
			);
			defaultConfigurationIsVisible = 0;
			defaultConfigurationName = Debug;
		};
/* End XCConfigurationList section */
	};
	rootObject = B3EB4B7626F23649643330ED /* Project object */;
}
